
Microsoft Visual Studio Solution File, Format Version 12.00
# Visual Studio 15
VisualStudioVersion = 15.0.27004.2010
MinimumVisualStudioVersion = 10.0.40219.1
Project("{FAE04EC0-301F-11D3-BF4B-00C04F79EFBC}") = "Fibonacci Modified", "Fibonacci Modified\Fibonacci Modified.csproj", "{D17DA6D6-AF19-404F-878E-7600776820CB}"
EndProject
Global
	GlobalSection(SolutionConfigurationPlatforms) = preSolution
		Debug|Any CPU = Debug|Any CPU
		Release|Any CPU = Release|Any CPU
	EndGlobalSection
	GlobalSection(ProjectConfigurationPlatforms) = postSolution
		{D17DA6D6-AF19-404F-878E-7600776820CB}.Debug|Any CPU.ActiveCfg = Debug|Any CPU
		{D17DA6D6-AF19-404F-878E-7600776820CB}.Debug|Any CPU.Build.0 = Debug|Any CPU
		{D17DA6D6-AF19-404F-878E-7600776820CB}.Release|Any CPU.ActiveCfg = Release|Any CPU
		{D17DA6D6-AF19-404F-878E-7600776820CB}.Release|Any CPU.Build.0 = Release|Any CPU
	EndGlobalSection
	GlobalSection(SolutionProperties) = preSolution
		HideSolutionNode = FALSE
	EndGlobalSection
	GlobalSection(ExtensibilityGlobals) = postSolution
		SolutionGuid = {0F5ECFBC-7C15-4FDD-BB40-B94302A7E2BB}
	EndGlobalSection
EndGlobal
