
Microsoft Visual Studio Solution File, Format Version 12.00
# Visual Studio 15
VisualStudioVersion = 15.0.27004.2010
MinimumVisualStudioVersion = 10.0.40219.1
Project("{FAE04EC0-301F-11D3-BF4B-00C04F79EFBC}") = "Solve Me First", "Solve Me First\Solve Me First.csproj", "{5AC38F9A-8955-4956-AE77-9696ECAB3154}"
EndProject
Global
	GlobalSection(SolutionConfigurationPlatforms) = preSolution
		Debug|Any CPU = Debug|Any CPU
		Release|Any CPU = Release|Any CPU
	EndGlobalSection
	GlobalSection(ProjectConfigurationPlatforms) = postSolution
		{5AC38F9A-8955-4956-AE77-9696ECAB3154}.Debug|Any CPU.ActiveCfg = Debug|Any CPU
		{5AC38F9A-8955-4956-AE77-9696ECAB3154}.Debug|Any CPU.Build.0 = Debug|Any CPU
		{5AC38F9A-8955-4956-AE77-9696ECAB3154}.Release|Any CPU.ActiveCfg = Release|Any CPU
		{5AC38F9A-8955-4956-AE77-9696ECAB3154}.Release|Any CPU.Build.0 = Release|Any CPU
	EndGlobalSection
	GlobalSection(SolutionProperties) = preSolution
		HideSolutionNode = FALSE
	EndGlobalSection
	GlobalSection(ExtensibilityGlobals) = postSolution
		SolutionGuid = {EAEEFC68-4A57-4A53-B0F1-59E6DE4F769B}
	EndGlobalSection
EndGlobal
