
Microsoft Visual Studio Solution File, Format Version 12.00
# Visual Studio 15
VisualStudioVersion = 15.0.27004.2010
MinimumVisualStudioVersion = 10.0.40219.1
Project("{FAE04EC0-301F-11D3-BF4B-00C04F79EFBC}") = "10 Summation of primes", "10 Summation of primes\10 Summation of primes.csproj", "{07593E83-1F8A-401C-A04F-89C484ADAD52}"
EndProject
Global
	GlobalSection(SolutionConfigurationPlatforms) = preSolution
		Debug|Any CPU = Debug|Any CPU
		Release|Any CPU = Release|Any CPU
	EndGlobalSection
	GlobalSection(ProjectConfigurationPlatforms) = postSolution
		{07593E83-1F8A-401C-A04F-89C484ADAD52}.Debug|Any CPU.ActiveCfg = Debug|Any CPU
		{07593E83-1F8A-401C-A04F-89C484ADAD52}.Debug|Any CPU.Build.0 = Debug|Any CPU
		{07593E83-1F8A-401C-A04F-89C484ADAD52}.Release|Any CPU.ActiveCfg = Release|Any CPU
		{07593E83-1F8A-401C-A04F-89C484ADAD52}.Release|Any CPU.Build.0 = Release|Any CPU
	EndGlobalSection
	GlobalSection(SolutionProperties) = preSolution
		HideSolutionNode = FALSE
	EndGlobalSection
	GlobalSection(ExtensibilityGlobals) = postSolution
		SolutionGuid = {175C2B40-E1F0-439D-A18E-6B7A434543FD}
	EndGlobalSection
EndGlobal
