
Microsoft Visual Studio Solution File, Format Version 12.00
# Visual Studio 15
VisualStudioVersion = 15.0.27004.2010
MinimumVisualStudioVersion = 10.0.40219.1
Project("{FAE04EC0-301F-11D3-BF4B-00C04F79EFBC}") = "Matrix Layer Rotation", "Matrix Layer Rotation\Matrix Layer Rotation.csproj", "{DB683519-CEE1-48A5-A53D-515BD443C52A}"
EndProject
Global
	GlobalSection(SolutionConfigurationPlatforms) = preSolution
		Debug|Any CPU = Debug|Any CPU
		Release|Any CPU = Release|Any CPU
	EndGlobalSection
	GlobalSection(ProjectConfigurationPlatforms) = postSolution
		{DB683519-CEE1-48A5-A53D-515BD443C52A}.Debug|Any CPU.ActiveCfg = Debug|Any CPU
		{DB683519-CEE1-48A5-A53D-515BD443C52A}.Debug|Any CPU.Build.0 = Debug|Any CPU
		{DB683519-CEE1-48A5-A53D-515BD443C52A}.Release|Any CPU.ActiveCfg = Release|Any CPU
		{DB683519-CEE1-48A5-A53D-515BD443C52A}.Release|Any CPU.Build.0 = Release|Any CPU
	EndGlobalSection
	GlobalSection(SolutionProperties) = preSolution
		HideSolutionNode = FALSE
	EndGlobalSection
	GlobalSection(ExtensibilityGlobals) = postSolution
		SolutionGuid = {36753D50-4C8B-4ECD-BB49-5576A458A8A5}
	EndGlobalSection
EndGlobal
