
Microsoft Visual Studio Solution File, Format Version 12.00
# Visual Studio 15
VisualStudioVersion = 15.0.27004.2010
MinimumVisualStudioVersion = 10.0.40219.1
Project("{FAE04EC0-301F-11D3-BF4B-00C04F79EFBC}") = "5 Smallest multiple", "5 Smallest multiple\5 Smallest multiple.csproj", "{3BCC2AB0-FC5B-4C90-999D-7E3C0FFD1463}"
EndProject
Global
	GlobalSection(SolutionConfigurationPlatforms) = preSolution
		Debug|Any CPU = Debug|Any CPU
		Release|Any CPU = Release|Any CPU
	EndGlobalSection
	GlobalSection(ProjectConfigurationPlatforms) = postSolution
		{3BCC2AB0-FC5B-4C90-999D-7E3C0FFD1463}.Debug|Any CPU.ActiveCfg = Debug|Any CPU
		{3BCC2AB0-FC5B-4C90-999D-7E3C0FFD1463}.Debug|Any CPU.Build.0 = Debug|Any CPU
		{3BCC2AB0-FC5B-4C90-999D-7E3C0FFD1463}.Release|Any CPU.ActiveCfg = Release|Any CPU
		{3BCC2AB0-FC5B-4C90-999D-7E3C0FFD1463}.Release|Any CPU.Build.0 = Release|Any CPU
	EndGlobalSection
	GlobalSection(SolutionProperties) = preSolution
		HideSolutionNode = FALSE
	EndGlobalSection
	GlobalSection(ExtensibilityGlobals) = postSolution
		SolutionGuid = {A27D744E-B252-4A17-9CA3-914B4CC31A75}
	EndGlobalSection
EndGlobal
