
Microsoft Visual Studio Solution File, Format Version 12.00
# Visual Studio 15
VisualStudioVersion = 15.0.27004.2010
MinimumVisualStudioVersion = 10.0.40219.1
Project("{FAE04EC0-301F-11D3-BF4B-00C04F79EFBC}") = "Sansa and XOR", "Sansa and XOR\Sansa and XOR.csproj", "{CF283A9E-1BC3-49CF-8892-C08A378A5509}"
EndProject
Global
	GlobalSection(SolutionConfigurationPlatforms) = preSolution
		Debug|Any CPU = Debug|Any CPU
		Release|Any CPU = Release|Any CPU
	EndGlobalSection
	GlobalSection(ProjectConfigurationPlatforms) = postSolution
		{CF283A9E-1BC3-49CF-8892-C08A378A5509}.Debug|Any CPU.ActiveCfg = Debug|Any CPU
		{CF283A9E-1BC3-49CF-8892-C08A378A5509}.Debug|Any CPU.Build.0 = Debug|Any CPU
		{CF283A9E-1BC3-49CF-8892-C08A378A5509}.Release|Any CPU.ActiveCfg = Release|Any CPU
		{CF283A9E-1BC3-49CF-8892-C08A378A5509}.Release|Any CPU.Build.0 = Release|Any CPU
	EndGlobalSection
	GlobalSection(SolutionProperties) = preSolution
		HideSolutionNode = FALSE
	EndGlobalSection
	GlobalSection(ExtensibilityGlobals) = postSolution
		SolutionGuid = {E257B2AD-D4AC-42ED-A67F-6D971F5FD132}
	EndGlobalSection
EndGlobal
