
Microsoft Visual Studio Solution File, Format Version 12.00
# Visual Studio 15
VisualStudioVersion = 15.0.27004.2010
MinimumVisualStudioVersion = 10.0.40219.1
Project("{FAE04EC0-301F-11D3-BF4B-00C04F79EFBC}") = "18 Maximum path sum I", "18 Maximum path sum I\18 Maximum path sum I.csproj", "{F023F0B0-6E3D-4266-BE1A-198E912BF1EB}"
EndProject
Global
	GlobalSection(SolutionConfigurationPlatforms) = preSolution
		Debug|Any CPU = Debug|Any CPU
		Release|Any CPU = Release|Any CPU
	EndGlobalSection
	GlobalSection(ProjectConfigurationPlatforms) = postSolution
		{F023F0B0-6E3D-4266-BE1A-198E912BF1EB}.Debug|Any CPU.ActiveCfg = Debug|Any CPU
		{F023F0B0-6E3D-4266-BE1A-198E912BF1EB}.Debug|Any CPU.Build.0 = Debug|Any CPU
		{F023F0B0-6E3D-4266-BE1A-198E912BF1EB}.Release|Any CPU.ActiveCfg = Release|Any CPU
		{F023F0B0-6E3D-4266-BE1A-198E912BF1EB}.Release|Any CPU.Build.0 = Release|Any CPU
	EndGlobalSection
	GlobalSection(SolutionProperties) = preSolution
		HideSolutionNode = FALSE
	EndGlobalSection
	GlobalSection(ExtensibilityGlobals) = postSolution
		SolutionGuid = {35F195E2-A819-48FB-8EB1-F2B075599169}
	EndGlobalSection
EndGlobal
