
Microsoft Visual Studio Solution File, Format Version 12.00
# Visual Studio 15
VisualStudioVersion = 15.0.27004.2010
MinimumVisualStudioVersion = 10.0.40219.1
Project("{FAE04EC0-301F-11D3-BF4B-00C04F79EFBC}") = "Intro to Tutorial Challenges", "Intro to Tutorial Challenges\Intro to Tutorial Challenges.csproj", "{8C3231D4-0C8B-449B-B075-DE13084A47AF}"
EndProject
Global
	GlobalSection(SolutionConfigurationPlatforms) = preSolution
		Debug|Any CPU = Debug|Any CPU
		Release|Any CPU = Release|Any CPU
	EndGlobalSection
	GlobalSection(ProjectConfigurationPlatforms) = postSolution
		{8C3231D4-0C8B-449B-B075-DE13084A47AF}.Debug|Any CPU.ActiveCfg = Debug|Any CPU
		{8C3231D4-0C8B-449B-B075-DE13084A47AF}.Debug|Any CPU.Build.0 = Debug|Any CPU
		{8C3231D4-0C8B-449B-B075-DE13084A47AF}.Release|Any CPU.ActiveCfg = Release|Any CPU
		{8C3231D4-0C8B-449B-B075-DE13084A47AF}.Release|Any CPU.Build.0 = Release|Any CPU
	EndGlobalSection
	GlobalSection(SolutionProperties) = preSolution
		HideSolutionNode = FALSE
	EndGlobalSection
	GlobalSection(ExtensibilityGlobals) = postSolution
		SolutionGuid = {15150BDD-E0AA-4DCC-A33E-7F9590AD38EC}
	EndGlobalSection
EndGlobal
