
Microsoft Visual Studio Solution File, Format Version 12.00
# Visual Studio 15
VisualStudioVersion = 15.0.27004.2010
MinimumVisualStudioVersion = 10.0.40219.1
Project("{FAE04EC0-301F-11D3-BF4B-00C04F79EFBC}") = "15 Lattice paths", "15 Lattice paths\15 Lattice paths.csproj", "{0E24A598-9C67-4AB3-BF77-CE572E8CBBA6}"
EndProject
Global
	GlobalSection(SolutionConfigurationPlatforms) = preSolution
		Debug|Any CPU = Debug|Any CPU
		Release|Any CPU = Release|Any CPU
	EndGlobalSection
	GlobalSection(ProjectConfigurationPlatforms) = postSolution
		{0E24A598-9C67-4AB3-BF77-CE572E8CBBA6}.Debug|Any CPU.ActiveCfg = Debug|Any CPU
		{0E24A598-9C67-4AB3-BF77-CE572E8CBBA6}.Debug|Any CPU.Build.0 = Debug|Any CPU
		{0E24A598-9C67-4AB3-BF77-CE572E8CBBA6}.Release|Any CPU.ActiveCfg = Release|Any CPU
		{0E24A598-9C67-4AB3-BF77-CE572E8CBBA6}.Release|Any CPU.Build.0 = Release|Any CPU
	EndGlobalSection
	GlobalSection(SolutionProperties) = preSolution
		HideSolutionNode = FALSE
	EndGlobalSection
	GlobalSection(ExtensibilityGlobals) = postSolution
		SolutionGuid = {7A3B6C34-98E3-467C-BFE2-E292E9595D07}
	EndGlobalSection
EndGlobal
