
Microsoft Visual Studio Solution File, Format Version 12.00
# Visual Studio 15
VisualStudioVersion = 15.0.27004.2010
MinimumVisualStudioVersion = 10.0.40219.1
Project("{FAE04EC0-301F-11D3-BF4B-00C04F79EFBC}") = "Maximizing XOR", "Maximizing XOR\Maximizing XOR.csproj", "{254C0A45-4B4E-4146-97AB-E85AF64E45D2}"
EndProject
Global
	GlobalSection(SolutionConfigurationPlatforms) = preSolution
		Debug|Any CPU = Debug|Any CPU
		Release|Any CPU = Release|Any CPU
	EndGlobalSection
	GlobalSection(ProjectConfigurationPlatforms) = postSolution
		{254C0A45-4B4E-4146-97AB-E85AF64E45D2}.Debug|Any CPU.ActiveCfg = Debug|Any CPU
		{254C0A45-4B4E-4146-97AB-E85AF64E45D2}.Debug|Any CPU.Build.0 = Debug|Any CPU
		{254C0A45-4B4E-4146-97AB-E85AF64E45D2}.Release|Any CPU.ActiveCfg = Release|Any CPU
		{254C0A45-4B4E-4146-97AB-E85AF64E45D2}.Release|Any CPU.Build.0 = Release|Any CPU
	EndGlobalSection
	GlobalSection(SolutionProperties) = preSolution
		HideSolutionNode = FALSE
	EndGlobalSection
	GlobalSection(ExtensibilityGlobals) = postSolution
		SolutionGuid = {7332C5EC-C7DE-497D-A5BE-11EAECC8C316}
	EndGlobalSection
EndGlobal
