
Microsoft Visual Studio Solution File, Format Version 12.00
# Visual Studio 15
VisualStudioVersion = 15.0.27004.2010
MinimumVisualStudioVersion = 10.0.40219.1
Project("{FAE04EC0-301F-11D3-BF4B-00C04F79EFBC}") = "Sherlock and the Valid String", "Sherlock and the Valid String\Sherlock and the Valid String.csproj", "{DEFFD04D-EF86-4430-8FBB-B65A05E30803}"
EndProject
Global
	GlobalSection(SolutionConfigurationPlatforms) = preSolution
		Debug|Any CPU = Debug|Any CPU
		Release|Any CPU = Release|Any CPU
	EndGlobalSection
	GlobalSection(ProjectConfigurationPlatforms) = postSolution
		{DEFFD04D-EF86-4430-8FBB-B65A05E30803}.Debug|Any CPU.ActiveCfg = Debug|Any CPU
		{DEFFD04D-EF86-4430-8FBB-B65A05E30803}.Debug|Any CPU.Build.0 = Debug|Any CPU
		{DEFFD04D-EF86-4430-8FBB-B65A05E30803}.Release|Any CPU.ActiveCfg = Release|Any CPU
		{DEFFD04D-EF86-4430-8FBB-B65A05E30803}.Release|Any CPU.Build.0 = Release|Any CPU
	EndGlobalSection
	GlobalSection(SolutionProperties) = preSolution
		HideSolutionNode = FALSE
	EndGlobalSection
	GlobalSection(ExtensibilityGlobals) = postSolution
		SolutionGuid = {24EE300A-CB3D-4837-82ED-81049CA22C2F}
	EndGlobalSection
EndGlobal
