
Microsoft Visual Studio Solution File, Format Version 12.00
# Visual Studio 15
VisualStudioVersion = 15.0.27004.2010
MinimumVisualStudioVersion = 10.0.40219.1
Project("{FAE04EC0-301F-11D3-BF4B-00C04F79EFBC}") = "Flipping bits", "Flipping bits\Flipping bits.csproj", "{279CD911-FA93-4517-AC0F-CD1A373825B0}"
EndProject
Global
	GlobalSection(SolutionConfigurationPlatforms) = preSolution
		Debug|Any CPU = Debug|Any CPU
		Release|Any CPU = Release|Any CPU
	EndGlobalSection
	GlobalSection(ProjectConfigurationPlatforms) = postSolution
		{279CD911-FA93-4517-AC0F-CD1A373825B0}.Debug|Any CPU.ActiveCfg = Debug|Any CPU
		{279CD911-FA93-4517-AC0F-CD1A373825B0}.Debug|Any CPU.Build.0 = Debug|Any CPU
		{279CD911-FA93-4517-AC0F-CD1A373825B0}.Release|Any CPU.ActiveCfg = Release|Any CPU
		{279CD911-FA93-4517-AC0F-CD1A373825B0}.Release|Any CPU.Build.0 = Release|Any CPU
	EndGlobalSection
	GlobalSection(SolutionProperties) = preSolution
		HideSolutionNode = FALSE
	EndGlobalSection
	GlobalSection(ExtensibilityGlobals) = postSolution
		SolutionGuid = {4720232A-DDF4-42E5-8D62-1DDC879624B9}
	EndGlobalSection
EndGlobal
