
Microsoft Visual Studio Solution File, Format Version 12.00
# Visual Studio 15
VisualStudioVersion = 15.0.27004.2010
MinimumVisualStudioVersion = 10.0.40219.1
Project("{FAE04EC0-301F-11D3-BF4B-00C04F79EFBC}") = "Array Manipulation", "Array Manipulation\Array Manipulation.csproj", "{471FE73E-3782-4772-BA17-06EB33B37FCF}"
EndProject
Global
	GlobalSection(SolutionConfigurationPlatforms) = preSolution
		Debug|Any CPU = Debug|Any CPU
		Release|Any CPU = Release|Any CPU
	EndGlobalSection
	GlobalSection(ProjectConfigurationPlatforms) = postSolution
		{471FE73E-3782-4772-BA17-06EB33B37FCF}.Debug|Any CPU.ActiveCfg = Debug|Any CPU
		{471FE73E-3782-4772-BA17-06EB33B37FCF}.Debug|Any CPU.Build.0 = Debug|Any CPU
		{471FE73E-3782-4772-BA17-06EB33B37FCF}.Release|Any CPU.ActiveCfg = Release|Any CPU
		{471FE73E-3782-4772-BA17-06EB33B37FCF}.Release|Any CPU.Build.0 = Release|Any CPU
	EndGlobalSection
	GlobalSection(SolutionProperties) = preSolution
		HideSolutionNode = FALSE
	EndGlobalSection
	GlobalSection(ExtensibilityGlobals) = postSolution
		SolutionGuid = {B6F5737C-E9E4-4710-9A4C-718FDE065FAA}
	EndGlobalSection
EndGlobal
