
Microsoft Visual Studio Solution File, Format Version 12.00
# Visual Studio 15
VisualStudioVersion = 15.0.27004.2010
MinimumVisualStudioVersion = 10.0.40219.1
Project("{FAE04EC0-301F-11D3-BF4B-00C04F79EFBC}") = "Sherlock and The Beast", "Sherlock and The Beast\Sherlock and The Beast.csproj", "{609C73E2-856D-4001-9958-C638C105E0A0}"
EndProject
Global
	GlobalSection(SolutionConfigurationPlatforms) = preSolution
		Debug|Any CPU = Debug|Any CPU
		Release|Any CPU = Release|Any CPU
	EndGlobalSection
	GlobalSection(ProjectConfigurationPlatforms) = postSolution
		{609C73E2-856D-4001-9958-C638C105E0A0}.Debug|Any CPU.ActiveCfg = Debug|Any CPU
		{609C73E2-856D-4001-9958-C638C105E0A0}.Debug|Any CPU.Build.0 = Debug|Any CPU
		{609C73E2-856D-4001-9958-C638C105E0A0}.Release|Any CPU.ActiveCfg = Release|Any CPU
		{609C73E2-856D-4001-9958-C638C105E0A0}.Release|Any CPU.Build.0 = Release|Any CPU
	EndGlobalSection
	GlobalSection(SolutionProperties) = preSolution
		HideSolutionNode = FALSE
	EndGlobalSection
	GlobalSection(ExtensibilityGlobals) = postSolution
		SolutionGuid = {77A0CC54-B17F-4813-9211-5A3FEEE9113F}
	EndGlobalSection
EndGlobal
