
Microsoft Visual Studio Solution File, Format Version 12.00
# Visual Studio 15
VisualStudioVersion = 15.0.27004.2010
MinimumVisualStudioVersion = 10.0.40219.1
Project("{FAE04EC0-301F-11D3-BF4B-00C04F79EFBC}") = "8 Largest product in a series", "8 Largest product in a series\8 Largest product in a series.csproj", "{1DCD43B7-6946-4223-93B2-2CE4C55F1949}"
EndProject
Global
	GlobalSection(SolutionConfigurationPlatforms) = preSolution
		Debug|Any CPU = Debug|Any CPU
		Release|Any CPU = Release|Any CPU
	EndGlobalSection
	GlobalSection(ProjectConfigurationPlatforms) = postSolution
		{1DCD43B7-6946-4223-93B2-2CE4C55F1949}.Debug|Any CPU.ActiveCfg = Debug|Any CPU
		{1DCD43B7-6946-4223-93B2-2CE4C55F1949}.Debug|Any CPU.Build.0 = Debug|Any CPU
		{1DCD43B7-6946-4223-93B2-2CE4C55F1949}.Release|Any CPU.ActiveCfg = Release|Any CPU
		{1DCD43B7-6946-4223-93B2-2CE4C55F1949}.Release|Any CPU.Build.0 = Release|Any CPU
	EndGlobalSection
	GlobalSection(SolutionProperties) = preSolution
		HideSolutionNode = FALSE
	EndGlobalSection
	GlobalSection(ExtensibilityGlobals) = postSolution
		SolutionGuid = {546D28F2-8111-4967-A106-FDCAD5199C44}
	EndGlobalSection
EndGlobal
